
Microsoft Visual Studio Solution File, Format Version 12.00
# Visual Studio Version 16
VisualStudioVersion = 16.0.31019.35
MinimumVisualStudioVersion = 10.0.40219.1
Project("{FAE04EC0-301F-11D3-BF4B-00C04F79EFBC}") = "HomeWork6", "HomeWork6\HomeWork6.csproj", "{57F9EBE6-9872-49D3-B8C1-9B7FBD072CC4}"
EndProject
Global
	GlobalSection(SolutionConfigurationPlatforms) = preSolution
		Debug|Any CPU = Debug|Any CPU
		Release|Any CPU = Release|Any CPU
	EndGlobalSection
	GlobalSection(ProjectConfigurationPlatforms) = postSolution
		{57F9EBE6-9872-49D3-B8C1-9B7FBD072CC4}.Debug|Any CPU.ActiveCfg = Debug|Any CPU
		{57F9EBE6-9872-49D3-B8C1-9B7FBD072CC4}.Debug|Any CPU.Build.0 = Debug|Any CPU
		{57F9EBE6-9872-49D3-B8C1-9B7FBD072CC4}.Release|Any CPU.ActiveCfg = Release|Any CPU
		{57F9EBE6-9872-49D3-B8C1-9B7FBD072CC4}.Release|Any CPU.Build.0 = Release|Any CPU
	EndGlobalSection
	GlobalSection(SolutionProperties) = preSolution
		HideSolutionNode = FALSE
	EndGlobalSection
	GlobalSection(ExtensibilityGlobals) = postSolution
		SolutionGuid = {D24F824A-9047-4910-87D2-5EF5401BCA52}
	EndGlobalSection
EndGlobal
